
Microsoft Visual Studio Solution File, Format Version 12.00
# Visual Studio Version 16
VisualStudioVersion = 16.0.28803.202
MinimumVisualStudioVersion = 10.0.40219.1
Project("{9A19103F-16F7-4668-BE54-9A1E7A4F7556}") = "LearnCSharp", "LearnCSharp\LearnCSharp.csproj", "{DB444198-3CDE-4D72-92EC-CEABEC49E20B}"
EndProject
Project("{FAE04EC0-301F-11D3-BF4B-00C04F79EFBC}") = "BooleanExample", "BooleanExample\BooleanExample.csproj", "{22B9FD6C-7CA8-41A5-887E-7137937F8E97}"
EndProject
Project("{FAE04EC0-301F-11D3-BF4B-00C04F79EFBC}") = "CircleArea", "CircleArea\CircleArea.csproj", "{7AFEAABD-903C-4666-81B9-4558454F4B20}"
EndProject
Project("{FAE04EC0-301F-11D3-BF4B-00C04F79EFBC}") = "CircleArea2", "CircleArea2\CircleArea2.csproj", "{C3D3EC85-CE33-4622-97FA-38FD4530EE62}"
EndProject
Project("{FAE04EC0-301F-11D3-BF4B-00C04F79EFBC}") = "FunctionExample", "FunctionExample\FunctionExample.csproj", "{7AD8D9A9-77ED-4338-BD65-3F98CB0B6112}"
EndProject
Global
	GlobalSection(SolutionConfigurationPlatforms) = preSolution
		Debug|Any CPU = Debug|Any CPU
		Release|Any CPU = Release|Any CPU
	EndGlobalSection
	GlobalSection(ProjectConfigurationPlatforms) = postSolution
		{DB444198-3CDE-4D72-92EC-CEABEC49E20B}.Debug|Any CPU.ActiveCfg = Debug|Any CPU
		{DB444198-3CDE-4D72-92EC-CEABEC49E20B}.Debug|Any CPU.Build.0 = Debug|Any CPU
		{DB444198-3CDE-4D72-92EC-CEABEC49E20B}.Release|Any CPU.ActiveCfg = Release|Any CPU
		{DB444198-3CDE-4D72-92EC-CEABEC49E20B}.Release|Any CPU.Build.0 = Release|Any CPU
		{22B9FD6C-7CA8-41A5-887E-7137937F8E97}.Debug|Any CPU.ActiveCfg = Debug|Any CPU
		{22B9FD6C-7CA8-41A5-887E-7137937F8E97}.Debug|Any CPU.Build.0 = Debug|Any CPU
		{22B9FD6C-7CA8-41A5-887E-7137937F8E97}.Release|Any CPU.ActiveCfg = Release|Any CPU
		{22B9FD6C-7CA8-41A5-887E-7137937F8E97}.Release|Any CPU.Build.0 = Release|Any CPU
		{7AFEAABD-903C-4666-81B9-4558454F4B20}.Debug|Any CPU.ActiveCfg = Debug|Any CPU
		{7AFEAABD-903C-4666-81B9-4558454F4B20}.Debug|Any CPU.Build.0 = Debug|Any CPU
		{7AFEAABD-903C-4666-81B9-4558454F4B20}.Release|Any CPU.ActiveCfg = Release|Any CPU
		{7AFEAABD-903C-4666-81B9-4558454F4B20}.Release|Any CPU.Build.0 = Release|Any CPU
		{C3D3EC85-CE33-4622-97FA-38FD4530EE62}.Debug|Any CPU.ActiveCfg = Debug|Any CPU
		{C3D3EC85-CE33-4622-97FA-38FD4530EE62}.Debug|Any CPU.Build.0 = Debug|Any CPU
		{C3D3EC85-CE33-4622-97FA-38FD4530EE62}.Release|Any CPU.ActiveCfg = Release|Any CPU
		{C3D3EC85-CE33-4622-97FA-38FD4530EE62}.Release|Any CPU.Build.0 = Release|Any CPU
		{7AD8D9A9-77ED-4338-BD65-3F98CB0B6112}.Debug|Any CPU.ActiveCfg = Debug|Any CPU
		{7AD8D9A9-77ED-4338-BD65-3F98CB0B6112}.Debug|Any CPU.Build.0 = Debug|Any CPU
		{7AD8D9A9-77ED-4338-BD65-3F98CB0B6112}.Release|Any CPU.ActiveCfg = Release|Any CPU
		{7AD8D9A9-77ED-4338-BD65-3F98CB0B6112}.Release|Any CPU.Build.0 = Release|Any CPU
	EndGlobalSection
	GlobalSection(SolutionProperties) = preSolution
		HideSolutionNode = FALSE
	EndGlobalSection
	GlobalSection(ExtensibilityGlobals) = postSolution
		SolutionGuid = {CACA8FCA-5DEB-4208-BEE1-27BDA3935BAF}
	EndGlobalSection
EndGlobal
