
Microsoft Visual Studio Solution File, Format Version 12.00
# Visual Studio Version 16
VisualStudioVersion = 16.0.28803.202
MinimumVisualStudioVersion = 10.0.40219.1
Project("{9A19103F-16F7-4668-BE54-9A1E7A4F7556}") = "LearnCSharp", "LearnCSharp\LearnCSharp.csproj", "{DB444198-3CDE-4D72-92EC-CEABEC49E20B}"
EndProject
Project("{9A19103F-16F7-4668-BE54-9A1E7A4F7556}") = "BooleanExample", "BooleanExample\BooleanExample.csproj", "{22B9FD6C-7CA8-41A5-887E-7137937F8E97}"
EndProject
Project("{9A19103F-16F7-4668-BE54-9A1E7A4F7556}") = "CircleArea", "CircleArea\CircleArea.csproj", "{7AFEAABD-903C-4666-81B9-4558454F4B20}"
EndProject
Project("{9A19103F-16F7-4668-BE54-9A1E7A4F7556}") = "CircleArea2", "CircleArea2\CircleArea2.csproj", "{C3D3EC85-CE33-4622-97FA-38FD4530EE62}"
EndProject
Project("{9A19103F-16F7-4668-BE54-9A1E7A4F7556}") = "FunctionExample", "FunctionExample\FunctionExample.csproj", "{7AD8D9A9-77ED-4338-BD65-3F98CB0B6112}"
EndProject
Project("{9A19103F-16F7-4668-BE54-9A1E7A4F7556}") = "Chapter07", "Chapter07\Chapter07.csproj", "{E542B960-5FF1-4C6C-AF4B-63A0F0E7CCA4}"
EndProject
Project("{9A19103F-16F7-4668-BE54-9A1E7A4F7556}") = "Chapter08.ModifierExample", "Chapter08\Chapter08.ModifierExample\Chapter08.ModifierExample.csproj", "{3A7237F8-FCF8-4278-8790-A45FCF6EAD55}"
EndProject
Project("{2150E333-8FDC-42A3-9474-1A3956D46DE8}") = "Chapter08", "Chapter08", "{82FAA783-AD75-4BA6-A0E3-5F773086AA1F}"
EndProject
Project("{9A19103F-16F7-4668-BE54-9A1E7A4F7556}") = "Chapter08.EncapsulationExample", "Chapter08\Chapter08.EncapsulationExample\Chapter08.EncapsulationExample.csproj", "{353AC7D7-B053-4C0E-9924-1ECC65F49321}"
EndProject
Project("{9A19103F-16F7-4668-BE54-9A1E7A4F7556}") = "Chapter08.PropertiesExample", "Chapter08\Chapter08.PropertiesExample\Chapter08.PropertiesExample.csproj", "{9CE5D371-27ED-4573-B82F-61E8B7E37725}"
EndProject
Project("{9A19103F-16F7-4668-BE54-9A1E7A4F7556}") = "Chapter08.StaticMemberExample", "Chapter08\Chapter08.StaticMemberExample\Chapter08.StaticMemberExample.csproj", "{14389098-C20B-46A2-A0D1-5E55B4EC05A6}"
EndProject
Project("{2150E333-8FDC-42A3-9474-1A3956D46DE8}") = "Chapter09", "Chapter09", "{2C37ABB5-6EFF-4146-8C45-BAB6BE5A6975}"
EndProject
Project("{FAE04EC0-301F-11D3-BF4B-00C04F79EFBC}") = "Chapter09.NumExample", "Chapter09\Chapter09.NumExample\Chapter09.NumExample.csproj", "{B17CC236-E576-4C77-AB98-B0E03E054217}"
EndProject
Global
	GlobalSection(SolutionConfigurationPlatforms) = preSolution
		Debug|Any CPU = Debug|Any CPU
		Release|Any CPU = Release|Any CPU
	EndGlobalSection
	GlobalSection(ProjectConfigurationPlatforms) = postSolution
		{DB444198-3CDE-4D72-92EC-CEABEC49E20B}.Debug|Any CPU.ActiveCfg = Debug|Any CPU
		{DB444198-3CDE-4D72-92EC-CEABEC49E20B}.Debug|Any CPU.Build.0 = Debug|Any CPU
		{DB444198-3CDE-4D72-92EC-CEABEC49E20B}.Release|Any CPU.ActiveCfg = Release|Any CPU
		{DB444198-3CDE-4D72-92EC-CEABEC49E20B}.Release|Any CPU.Build.0 = Release|Any CPU
		{22B9FD6C-7CA8-41A5-887E-7137937F8E97}.Debug|Any CPU.ActiveCfg = Debug|Any CPU
		{22B9FD6C-7CA8-41A5-887E-7137937F8E97}.Debug|Any CPU.Build.0 = Debug|Any CPU
		{22B9FD6C-7CA8-41A5-887E-7137937F8E97}.Release|Any CPU.ActiveCfg = Release|Any CPU
		{22B9FD6C-7CA8-41A5-887E-7137937F8E97}.Release|Any CPU.Build.0 = Release|Any CPU
		{7AFEAABD-903C-4666-81B9-4558454F4B20}.Debug|Any CPU.ActiveCfg = Debug|Any CPU
		{7AFEAABD-903C-4666-81B9-4558454F4B20}.Debug|Any CPU.Build.0 = Debug|Any CPU
		{7AFEAABD-903C-4666-81B9-4558454F4B20}.Release|Any CPU.ActiveCfg = Release|Any CPU
		{7AFEAABD-903C-4666-81B9-4558454F4B20}.Release|Any CPU.Build.0 = Release|Any CPU
		{C3D3EC85-CE33-4622-97FA-38FD4530EE62}.Debug|Any CPU.ActiveCfg = Debug|Any CPU
		{C3D3EC85-CE33-4622-97FA-38FD4530EE62}.Debug|Any CPU.Build.0 = Debug|Any CPU
		{C3D3EC85-CE33-4622-97FA-38FD4530EE62}.Release|Any CPU.ActiveCfg = Release|Any CPU
		{C3D3EC85-CE33-4622-97FA-38FD4530EE62}.Release|Any CPU.Build.0 = Release|Any CPU
		{7AD8D9A9-77ED-4338-BD65-3F98CB0B6112}.Debug|Any CPU.ActiveCfg = Debug|Any CPU
		{7AD8D9A9-77ED-4338-BD65-3F98CB0B6112}.Debug|Any CPU.Build.0 = Debug|Any CPU
		{7AD8D9A9-77ED-4338-BD65-3F98CB0B6112}.Release|Any CPU.ActiveCfg = Release|Any CPU
		{7AD8D9A9-77ED-4338-BD65-3F98CB0B6112}.Release|Any CPU.Build.0 = Release|Any CPU
		{E542B960-5FF1-4C6C-AF4B-63A0F0E7CCA4}.Debug|Any CPU.ActiveCfg = Debug|Any CPU
		{E542B960-5FF1-4C6C-AF4B-63A0F0E7CCA4}.Debug|Any CPU.Build.0 = Debug|Any CPU
		{E542B960-5FF1-4C6C-AF4B-63A0F0E7CCA4}.Release|Any CPU.ActiveCfg = Release|Any CPU
		{E542B960-5FF1-4C6C-AF4B-63A0F0E7CCA4}.Release|Any CPU.Build.0 = Release|Any CPU
		{3A7237F8-FCF8-4278-8790-A45FCF6EAD55}.Debug|Any CPU.ActiveCfg = Debug|Any CPU
		{3A7237F8-FCF8-4278-8790-A45FCF6EAD55}.Debug|Any CPU.Build.0 = Debug|Any CPU
		{3A7237F8-FCF8-4278-8790-A45FCF6EAD55}.Release|Any CPU.ActiveCfg = Release|Any CPU
		{3A7237F8-FCF8-4278-8790-A45FCF6EAD55}.Release|Any CPU.Build.0 = Release|Any CPU
		{353AC7D7-B053-4C0E-9924-1ECC65F49321}.Debug|Any CPU.ActiveCfg = Debug|Any CPU
		{353AC7D7-B053-4C0E-9924-1ECC65F49321}.Debug|Any CPU.Build.0 = Debug|Any CPU
		{353AC7D7-B053-4C0E-9924-1ECC65F49321}.Release|Any CPU.ActiveCfg = Release|Any CPU
		{353AC7D7-B053-4C0E-9924-1ECC65F49321}.Release|Any CPU.Build.0 = Release|Any CPU
		{9CE5D371-27ED-4573-B82F-61E8B7E37725}.Debug|Any CPU.ActiveCfg = Debug|Any CPU
		{9CE5D371-27ED-4573-B82F-61E8B7E37725}.Debug|Any CPU.Build.0 = Debug|Any CPU
		{9CE5D371-27ED-4573-B82F-61E8B7E37725}.Release|Any CPU.ActiveCfg = Release|Any CPU
		{9CE5D371-27ED-4573-B82F-61E8B7E37725}.Release|Any CPU.Build.0 = Release|Any CPU
		{14389098-C20B-46A2-A0D1-5E55B4EC05A6}.Debug|Any CPU.ActiveCfg = Debug|Any CPU
		{14389098-C20B-46A2-A0D1-5E55B4EC05A6}.Debug|Any CPU.Build.0 = Debug|Any CPU
		{14389098-C20B-46A2-A0D1-5E55B4EC05A6}.Release|Any CPU.ActiveCfg = Release|Any CPU
		{14389098-C20B-46A2-A0D1-5E55B4EC05A6}.Release|Any CPU.Build.0 = Release|Any CPU
		{B17CC236-E576-4C77-AB98-B0E03E054217}.Debug|Any CPU.ActiveCfg = Debug|Any CPU
		{B17CC236-E576-4C77-AB98-B0E03E054217}.Debug|Any CPU.Build.0 = Debug|Any CPU
		{B17CC236-E576-4C77-AB98-B0E03E054217}.Release|Any CPU.ActiveCfg = Release|Any CPU
		{B17CC236-E576-4C77-AB98-B0E03E054217}.Release|Any CPU.Build.0 = Release|Any CPU
	EndGlobalSection
	GlobalSection(SolutionProperties) = preSolution
		HideSolutionNode = FALSE
	EndGlobalSection
	GlobalSection(NestedProjects) = preSolution
		{3A7237F8-FCF8-4278-8790-A45FCF6EAD55} = {82FAA783-AD75-4BA6-A0E3-5F773086AA1F}
		{353AC7D7-B053-4C0E-9924-1ECC65F49321} = {82FAA783-AD75-4BA6-A0E3-5F773086AA1F}
		{9CE5D371-27ED-4573-B82F-61E8B7E37725} = {82FAA783-AD75-4BA6-A0E3-5F773086AA1F}
		{14389098-C20B-46A2-A0D1-5E55B4EC05A6} = {82FAA783-AD75-4BA6-A0E3-5F773086AA1F}
		{B17CC236-E576-4C77-AB98-B0E03E054217} = {2C37ABB5-6EFF-4146-8C45-BAB6BE5A6975}
	EndGlobalSection
	GlobalSection(ExtensibilityGlobals) = postSolution
		SolutionGuid = {CACA8FCA-5DEB-4208-BEE1-27BDA3935BAF}
	EndGlobalSection
EndGlobal
